
Microsoft Visual Studio Solution File, Format Version 12.00
# Visual Studio Version 16
VisualStudioVersion = 16.0.29503.13
MinimumVisualStudioVersion = 10.0.40219.1
Project("{FAE04EC0-301F-11D3-BF4B-00C04F79EFBC}") = "TcpGuardServer", "TcpGuardServer\TcpGuardServer.csproj", "{DAE62959-E954-4675-9EA8-D3A5479A05DC}"
EndProject
Project("{FAE04EC0-301F-11D3-BF4B-00C04F79EFBC}") = "TcpGuardClient", "TcpGuardClient\TcpGuardClient.csproj", "{B8CA1284-B016-4ED4-AAC8-538220A1BB8C}"
EndProject
Global
	GlobalSection(SolutionConfigurationPlatforms) = preSolution
		Debug|Any CPU = Debug|Any CPU
		Release|Any CPU = Release|Any CPU
	EndGlobalSection
	GlobalSection(ProjectConfigurationPlatforms) = postSolution
		{DAE62959-E954-4675-9EA8-D3A5479A05DC}.Debug|Any CPU.ActiveCfg = Debug|Any CPU
		{DAE62959-E954-4675-9EA8-D3A5479A05DC}.Debug|Any CPU.Build.0 = Debug|Any CPU
		{DAE62959-E954-4675-9EA8-D3A5479A05DC}.Release|Any CPU.ActiveCfg = Release|Any CPU
		{DAE62959-E954-4675-9EA8-D3A5479A05DC}.Release|Any CPU.Build.0 = Release|Any CPU
		{B8CA1284-B016-4ED4-AAC8-538220A1BB8C}.Debug|Any CPU.ActiveCfg = Debug|Any CPU
		{B8CA1284-B016-4ED4-AAC8-538220A1BB8C}.Debug|Any CPU.Build.0 = Debug|Any CPU
		{B8CA1284-B016-4ED4-AAC8-538220A1BB8C}.Release|Any CPU.ActiveCfg = Release|Any CPU
		{B8CA1284-B016-4ED4-AAC8-538220A1BB8C}.Release|Any CPU.Build.0 = Release|Any CPU
	EndGlobalSection
	GlobalSection(SolutionProperties) = preSolution
		HideSolutionNode = FALSE
	EndGlobalSection
	GlobalSection(ExtensibilityGlobals) = postSolution
		SolutionGuid = {53268B19-3A7E-4242-9CF4-9A9589BA1207}
	EndGlobalSection
EndGlobal
