
Microsoft Visual Studio Solution File, Format Version 12.00
# Visual Studio Version 16
VisualStudioVersion = 16.0.29503.13
MinimumVisualStudioVersion = 10.0.40219.1
Project("{9A19103F-16F7-4668-BE54-9A1E7A4F7556}") = "TcpGuardServer", "TcpGuardServer\TcpGuardServer.csproj", "{DAE62959-E954-4675-9EA8-D3A5479A05DC}"
EndProject
Project("{9A19103F-16F7-4668-BE54-9A1E7A4F7556}") = "TcpGuard.Core", "TcpGuard.Core\TcpGuard.Core.csproj", "{EA116B6C-97AF-4EC0-9E2F-09111D1CDC87}"
EndProject
Project("{FAE04EC0-301F-11D3-BF4B-00C04F79EFBC}") = "TcpGuardClient", "TcpGuardClient\TcpGuardClient.csproj", "{C5B2340B-2E6B-4332-8D62-646E6FD550A5}"
EndProject
Project("{9A19103F-16F7-4668-BE54-9A1E7A4F7556}") = "TcpGuardSite", "TcpGuardSite\TcpGuardSite.csproj", "{CDA2B443-EBD8-411E-910B-43DC14267FD4}"
EndProject
Project("{9A19103F-16F7-4668-BE54-9A1E7A4F7556}") = "TcpGuard.Server.Tcp", "TcpGuard.Server.Tcp\TcpGuard.Server.Tcp.csproj", "{68CFFEA8-F338-42DE-96E5-70B615E9843F}"
EndProject
Project("{9A19103F-16F7-4668-BE54-9A1E7A4F7556}") = "TcpGuard.Server.WebSocket", "TcpGuard.Server.WebSocket\TcpGuard.Server.WebSocket.csproj", "{B07F3CA4-6B55-40A9-AF18-B9FEFBC7C644}"
EndProject
Global
	GlobalSection(SolutionConfigurationPlatforms) = preSolution
		Debug|Any CPU = Debug|Any CPU
		Release|Any CPU = Release|Any CPU
	EndGlobalSection
	GlobalSection(ProjectConfigurationPlatforms) = postSolution
		{DAE62959-E954-4675-9EA8-D3A5479A05DC}.Debug|Any CPU.ActiveCfg = Debug|Any CPU
		{DAE62959-E954-4675-9EA8-D3A5479A05DC}.Debug|Any CPU.Build.0 = Debug|Any CPU
		{DAE62959-E954-4675-9EA8-D3A5479A05DC}.Release|Any CPU.ActiveCfg = Release|Any CPU
		{DAE62959-E954-4675-9EA8-D3A5479A05DC}.Release|Any CPU.Build.0 = Release|Any CPU
		{EA116B6C-97AF-4EC0-9E2F-09111D1CDC87}.Debug|Any CPU.ActiveCfg = Debug|Any CPU
		{EA116B6C-97AF-4EC0-9E2F-09111D1CDC87}.Debug|Any CPU.Build.0 = Debug|Any CPU
		{EA116B6C-97AF-4EC0-9E2F-09111D1CDC87}.Release|Any CPU.ActiveCfg = Release|Any CPU
		{EA116B6C-97AF-4EC0-9E2F-09111D1CDC87}.Release|Any CPU.Build.0 = Release|Any CPU
		{C5B2340B-2E6B-4332-8D62-646E6FD550A5}.Debug|Any CPU.ActiveCfg = Debug|Any CPU
		{C5B2340B-2E6B-4332-8D62-646E6FD550A5}.Debug|Any CPU.Build.0 = Debug|Any CPU
		{C5B2340B-2E6B-4332-8D62-646E6FD550A5}.Release|Any CPU.ActiveCfg = Release|Any CPU
		{C5B2340B-2E6B-4332-8D62-646E6FD550A5}.Release|Any CPU.Build.0 = Release|Any CPU
		{CDA2B443-EBD8-411E-910B-43DC14267FD4}.Debug|Any CPU.ActiveCfg = Debug|Any CPU
		{CDA2B443-EBD8-411E-910B-43DC14267FD4}.Debug|Any CPU.Build.0 = Debug|Any CPU
		{CDA2B443-EBD8-411E-910B-43DC14267FD4}.Release|Any CPU.ActiveCfg = Release|Any CPU
		{CDA2B443-EBD8-411E-910B-43DC14267FD4}.Release|Any CPU.Build.0 = Release|Any CPU
		{68CFFEA8-F338-42DE-96E5-70B615E9843F}.Debug|Any CPU.ActiveCfg = Debug|Any CPU
		{68CFFEA8-F338-42DE-96E5-70B615E9843F}.Debug|Any CPU.Build.0 = Debug|Any CPU
		{68CFFEA8-F338-42DE-96E5-70B615E9843F}.Release|Any CPU.ActiveCfg = Release|Any CPU
		{68CFFEA8-F338-42DE-96E5-70B615E9843F}.Release|Any CPU.Build.0 = Release|Any CPU
		{B07F3CA4-6B55-40A9-AF18-B9FEFBC7C644}.Debug|Any CPU.ActiveCfg = Debug|Any CPU
		{B07F3CA4-6B55-40A9-AF18-B9FEFBC7C644}.Debug|Any CPU.Build.0 = Debug|Any CPU
		{B07F3CA4-6B55-40A9-AF18-B9FEFBC7C644}.Release|Any CPU.ActiveCfg = Release|Any CPU
		{B07F3CA4-6B55-40A9-AF18-B9FEFBC7C644}.Release|Any CPU.Build.0 = Release|Any CPU
	EndGlobalSection
	GlobalSection(SolutionProperties) = preSolution
		HideSolutionNode = FALSE
	EndGlobalSection
	GlobalSection(ExtensibilityGlobals) = postSolution
		SolutionGuid = {53268B19-3A7E-4242-9CF4-9A9589BA1207}
	EndGlobalSection
EndGlobal
